
Microsoft Visual Studio Solution File, Format Version 12.00
# Visual Studio 15
VisualStudioVersion = 15.0.28307.572
MinimumVisualStudioVersion = 10.0.40219.1
Project("{FAE04EC0-301F-11D3-BF4B-00C04F79EFBC}") = "labos3", "labos3\labos3.csproj", "{60EABA3B-0024-443B-9DE5-DC4908606EEA}"
EndProject
Global
	GlobalSection(SolutionConfigurationPlatforms) = preSolution
		Debug|Any CPU = Debug|Any CPU
		Release|Any CPU = Release|Any CPU
	EndGlobalSection
	GlobalSection(ProjectConfigurationPlatforms) = postSolution
		{60EABA3B-0024-443B-9DE5-DC4908606EEA}.Debug|Any CPU.ActiveCfg = Debug|Any CPU
		{60EABA3B-0024-443B-9DE5-DC4908606EEA}.Debug|Any CPU.Build.0 = Debug|Any CPU
		{60EABA3B-0024-443B-9DE5-DC4908606EEA}.Release|Any CPU.ActiveCfg = Release|Any CPU
		{60EABA3B-0024-443B-9DE5-DC4908606EEA}.Release|Any CPU.Build.0 = Release|Any CPU
	EndGlobalSection
	GlobalSection(SolutionProperties) = preSolution
		HideSolutionNode = FALSE
	EndGlobalSection
	GlobalSection(ExtensibilityGlobals) = postSolution
		SolutionGuid = {A73444CF-F2B2-4E30-9FFE-615677BD456E}
	EndGlobalSection
EndGlobal
